
Microsoft Visual Studio Solution File, Format Version 12.00
# Visual Studio Version 16
VisualStudioVersion = 16.0.30128.74
MinimumVisualStudioVersion = 10.0.40219.1
Project("{FAE04EC0-301F-11D3-BF4B-00C04F79EFBC}") = "Chapter 3 Exercise - Array Practice", "Chapter 3 Exercise - Array Practice\Chapter 3 Exercise - Array Practice.csproj", "{8A2A7037-7C98-4B76-8E6F-6DE3319ED0EB}"
EndProject
Global
	GlobalSection(SolutionConfigurationPlatforms) = preSolution
		Debug|Any CPU = Debug|Any CPU
		Release|Any CPU = Release|Any CPU
	EndGlobalSection
	GlobalSection(ProjectConfigurationPlatforms) = postSolution
		{8A2A7037-7C98-4B76-8E6F-6DE3319ED0EB}.Debug|Any CPU.ActiveCfg = Debug|Any CPU
		{8A2A7037-7C98-4B76-8E6F-6DE3319ED0EB}.Debug|Any CPU.Build.0 = Debug|Any CPU
		{8A2A7037-7C98-4B76-8E6F-6DE3319ED0EB}.Release|Any CPU.ActiveCfg = Release|Any CPU
		{8A2A7037-7C98-4B76-8E6F-6DE3319ED0EB}.Release|Any CPU.Build.0 = Release|Any CPU
	EndGlobalSection
	GlobalSection(SolutionProperties) = preSolution
		HideSolutionNode = FALSE
	EndGlobalSection
	GlobalSection(ExtensibilityGlobals) = postSolution
		SolutionGuid = {DCA3F344-E7B6-421E-8102-022020E1C14F}
	EndGlobalSection
EndGlobal
